# THIS IS AN AUTOGENERATED FILE. DO NOT EDIT THIS FILE DIRECTLY.
# yarn lockfile v1


"@hotwired/stimulus@^3.0.1":
  version "3.0.1"
  resolved "https://registry.yarnpkg.com/@hotwired/stimulus/-/stimulus-3.0.1.tgz#141f15645acaa3b133b7c247cad58ae252ffae85"
  integrity sha512-oHsJhgY2cip+K2ED7vKUNd2P+BEswVhrCYcJ802DSsblJFv7mPFVk3cQKvm2vHgHeDVdnj7oOKrBbzp1u8D+KA==

"@hotwired/turbo-rails@^7.0.1":
  version "7.0.1"
  resolved "https://registry.yarnpkg.com/@hotwired/turbo-rails/-/turbo-rails-7.0.1.tgz#d39816eef215e83468fa306a963e7c874ffe70f7"
  integrity sha512-0cV7zG9aCzF/foidgfx6WvqKDcRKXJt2aT1fenNFywO7armGTD8S86V8U1IyUAHq+ZkIL26moc+AB40uTZt0oA==
  dependencies:
    "@hotwired/turbo" "^7.0.1"
    "@rails/actioncable" "^6.0.0"

"@hotwired/turbo@^7.0.1":
  version "7.0.1"
  resolved "https://registry.yarnpkg.com/@hotwired/turbo/-/turbo-7.0.1.tgz#2a8c6ab2f24914d1d47f3a7a7779e2881e8c61a0"
  integrity sha512-awqraytYXbHV2NT0WAOnDDDGJeHHnFtnztdXvRuIqgsStUtPKM8B9H7ISm77SwbHemEjxEOB8Ku4RfNbEEXsPQ==

"@rails/actioncable@^6.0.0":
  version "6.1.4"
  resolved "https://registry.yarnpkg.com/@rails/actioncable/-/actioncable-6.1.4.tgz#c3c5a9f8302c429af9722b6c50ab48049016d2a3"
  integrity sha512-0LmSKJTuo2dL6BQ+9xxLnS9lbkyfz2mBGeBnQ2J7o9Bn0l0q+ZC6VuoZMZZXPvABI4QT7Nfknv5WhfKYL+boew==

esbuild-android-64@0.14.27:
  version "0.14.27"
  resolved "https://registry.yarnpkg.com/esbuild-android-64/-/esbuild-android-64-0.14.27.tgz#b868bbd9955a92309c69df628d8dd1945478b45c"
  integrity sha512-LuEd4uPuj/16Y8j6kqy3Z2E9vNY9logfq8Tq+oTE2PZVuNs3M1kj5Qd4O95ee66yDGb3isaOCV7sOLDwtMfGaQ==

esbuild-android-arm64@0.14.27:
  version "0.14.27"
  resolved "https://registry.yarnpkg.com/esbuild-android-arm64/-/esbuild-android-arm64-0.14.27.tgz#e7d6430555e8e9c505fd87266bbc709f25f1825c"
  integrity sha512-E8Ktwwa6vX8q7QeJmg8yepBYXaee50OdQS3BFtEHKrzbV45H4foMOeEE7uqdjGQZFBap5VAqo7pvjlyA92wznQ==

esbuild-darwin-64@0.14.27:
  version "0.14.27"
  resolved "https://registry.yarnpkg.com/esbuild-darwin-64/-/esbuild-darwin-64-0.14.27.tgz#4dc7484127564e89b4445c0a560a3cb50b3d68e1"
  integrity sha512-czw/kXl/1ZdenPWfw9jDc5iuIYxqUxgQ/Q+hRd4/3udyGGVI31r29LCViN2bAJgGvQkqyLGVcG03PJPEXQ5i2g==

esbuild-darwin-arm64@0.14.27:
  version "0.14.27"
  resolved "https://registry.yarnpkg.com/esbuild-darwin-arm64/-/esbuild-darwin-arm64-0.14.27.tgz#469e59c665f84a8ed323166624c5e7b9b2d22ac1"
  integrity sha512-BEsv2U2U4o672oV8+xpXNxN9bgqRCtddQC6WBh4YhXKDcSZcdNh7+6nS+DM2vu7qWIWNA4JbRG24LUUYXysimQ==

esbuild-freebsd-64@0.14.27:
  version "0.14.27"
  resolved "https://registry.yarnpkg.com/esbuild-freebsd-64/-/esbuild-freebsd-64-0.14.27.tgz#895df03bf5f87094a56c9a5815bf92e591903d70"
  integrity sha512-7FeiFPGBo+ga+kOkDxtPmdPZdayrSzsV9pmfHxcyLKxu+3oTcajeZlOO1y9HW+t5aFZPiv7czOHM4KNd0tNwCA==

esbuild-freebsd-arm64@0.14.27:
  version "0.14.27"
  resolved "https://registry.yarnpkg.com/esbuild-freebsd-arm64/-/esbuild-freebsd-arm64-0.14.27.tgz#0b72a41a6b8655e9a8c5608f2ec1afdcf6958441"
  integrity sha512-8CK3++foRZJluOWXpllG5zwAVlxtv36NpHfsbWS7TYlD8S+QruXltKlXToc/5ZNzBK++l6rvRKELu/puCLc7jA==

esbuild-linux-32@0.14.27:
  version "0.14.27"
  resolved "https://registry.yarnpkg.com/esbuild-linux-32/-/esbuild-linux-32-0.14.27.tgz#43b8ba3803b0bbe7f051869c6a8bf6de1e95de28"
  integrity sha512-qhNYIcT+EsYSBClZ5QhLzFzV5iVsP1YsITqblSaztr3+ZJUI+GoK8aXHyzKd7/CKKuK93cxEMJPpfi1dfsOfdw==

esbuild-linux-64@0.14.27:
  version "0.14.27"
  resolved "https://registry.yarnpkg.com/esbuild-linux-64/-/esbuild-linux-64-0.14.27.tgz#dc8072097327ecfadba1735562824ce8c05dd0bd"
  integrity sha512-ESjck9+EsHoTaKWlFKJpPZRN26uiav5gkI16RuI8WBxUdLrrAlYuYSndxxKgEn1csd968BX/8yQZATYf/9+/qg==

esbuild-linux-arm64@0.14.27:
  version "0.14.27"
  resolved "https://registry.yarnpkg.com/esbuild-linux-arm64/-/esbuild-linux-arm64-0.14.27.tgz#c52b58cbe948426b1559910f521b0a3f396f10b8"
  integrity sha512-no6Mi17eV2tHlJnqBHRLekpZ2/VYx+NfGxKcBE/2xOMYwctsanCaXxw4zapvNrGE9X38vefVXLz6YCF8b1EHiQ==

esbuild-linux-arm@0.14.27:
  version "0.14.27"
  resolved "https://registry.yarnpkg.com/esbuild-linux-arm/-/esbuild-linux-arm-0.14.27.tgz#df869dbd67d4ee3a04b3c7273b6bd2b233e78a18"
  integrity sha512-JnnmgUBdqLQO9hoNZQqNHFWlNpSX82vzB3rYuCJMhtkuaWQEmQz6Lec1UIxJdC38ifEghNTBsF9bbe8dFilnCw==

esbuild-linux-mips64le@0.14.27:
  version "0.14.27"
  resolved "https://registry.yarnpkg.com/esbuild-linux-mips64le/-/esbuild-linux-mips64le-0.14.27.tgz#a2b646d9df368b01aa970a7b8968be6dd6b01d19"
  integrity sha512-NolWP2uOvIJpbwpsDbwfeExZOY1bZNlWE/kVfkzLMsSgqeVcl5YMen/cedRe9mKnpfLli+i0uSp7N+fkKNU27A==

esbuild-linux-ppc64le@0.14.27:
  version "0.14.27"
  resolved "https://registry.yarnpkg.com/esbuild-linux-ppc64le/-/esbuild-linux-ppc64le-0.14.27.tgz#9a21af766a0292578a3009c7408b8509cac7cefd"
  integrity sha512-/7dTjDvXMdRKmsSxKXeWyonuGgblnYDn0MI1xDC7J1VQXny8k1qgNp6VmrlsawwnsymSUUiThhkJsI+rx0taNA==

esbuild-linux-riscv64@0.14.27:
  version "0.14.27"
  resolved "https://registry.yarnpkg.com/esbuild-linux-riscv64/-/esbuild-linux-riscv64-0.14.27.tgz#344a27f91568056a5903ad5841b447e00e78d740"
  integrity sha512-D+aFiUzOJG13RhrSmZgrcFaF4UUHpqj7XSKrIiCXIj1dkIkFqdrmqMSOtSs78dOtObWiOrFCDDzB24UyeEiNGg==

esbuild-linux-s390x@0.14.27:
  version "0.14.27"
  resolved "https://registry.yarnpkg.com/esbuild-linux-s390x/-/esbuild-linux-s390x-0.14.27.tgz#73a7309bd648a07ef58f069658f989a5096130db"
  integrity sha512-CD/D4tj0U4UQjELkdNlZhQ8nDHU5rBn6NGp47Hiz0Y7/akAY5i0oGadhEIg0WCY/HYVXFb3CsSPPwaKcTOW3bg==

esbuild-netbsd-64@0.14.27:
  version "0.14.27"
  resolved "https://registry.yarnpkg.com/esbuild-netbsd-64/-/esbuild-netbsd-64-0.14.27.tgz#482a587cdbd18a6c264a05136596927deb46c30a"
  integrity sha512-h3mAld69SrO1VoaMpYl3a5FNdGRE/Nqc+E8VtHOag4tyBwhCQXxtvDDOAKOUQexBGca0IuR6UayQ4ntSX5ij1Q==

esbuild-openbsd-64@0.14.27:
  version "0.14.27"
  resolved "https://registry.yarnpkg.com/esbuild-openbsd-64/-/esbuild-openbsd-64-0.14.27.tgz#e99f8cdc63f1628747b63edd124d53cf7796468d"
  integrity sha512-xwSje6qIZaDHXWoPpIgvL+7fC6WeubHHv18tusLYMwL+Z6bEa4Pbfs5IWDtQdHkArtfxEkIZz77944z8MgDxGw==

esbuild-sunos-64@0.14.27:
  version "0.14.27"
  resolved "https://registry.yarnpkg.com/esbuild-sunos-64/-/esbuild-sunos-64-0.14.27.tgz#8611d825bcb8239c78d57452e83253a71942f45c"
  integrity sha512-/nBVpWIDjYiyMhuqIqbXXsxBc58cBVH9uztAOIfWShStxq9BNBik92oPQPJ57nzWXRNKQUEFWr4Q98utDWz7jg==

esbuild-windows-32@0.14.27:
  version "0.14.27"
  resolved "https://registry.yarnpkg.com/esbuild-windows-32/-/esbuild-windows-32-0.14.27.tgz#c06374206d4d92dd31d4fda299b09f51a35e82f6"
  integrity sha512-Q9/zEjhZJ4trtWhFWIZvS/7RUzzi8rvkoaS9oiizkHTTKd8UxFwn/Mm2OywsAfYymgUYm8+y2b+BKTNEFxUekw==

esbuild-windows-64@0.14.27:
  version "0.14.27"
  resolved "https://registry.yarnpkg.com/esbuild-windows-64/-/esbuild-windows-64-0.14.27.tgz#756631c1d301dfc0d1a887deed2459ce4079582f"
  integrity sha512-b3y3vTSl5aEhWHK66ngtiS/c6byLf6y/ZBvODH1YkBM+MGtVL6jN38FdHUsZasCz9gFwYs/lJMVY9u7GL6wfYg==

esbuild-windows-arm64@0.14.27:
  version "0.14.27"
  resolved "https://registry.yarnpkg.com/esbuild-windows-arm64/-/esbuild-windows-arm64-0.14.27.tgz#ad7e187193dcd18768b16065a950f4441d7173f4"
  integrity sha512-I/reTxr6TFMcR5qbIkwRGvldMIaiBu2+MP0LlD7sOlNXrfqIl9uNjsuxFPGEG4IRomjfQ5q8WT+xlF/ySVkqKg==

esbuild@^0.14.23:
  version "0.14.27"
  resolved "https://registry.yarnpkg.com/esbuild/-/esbuild-0.14.27.tgz#41fe0f1b6b68b9f77cac025009bc54bb96e616f1"
  integrity sha512-MZQt5SywZS3hA9fXnMhR22dv0oPGh6QtjJRIYbgL1AeqAoQZE+Qn5ppGYQAoHv/vq827flj4tIJ79Mrdiwk46Q==
  optionalDependencies:
    esbuild-android-64 "0.14.27"
    esbuild-android-arm64 "0.14.27"
    esbuild-darwin-64 "0.14.27"
    esbuild-darwin-arm64 "0.14.27"
    esbuild-freebsd-64 "0.14.27"
    esbuild-freebsd-arm64 "0.14.27"
    esbuild-linux-32 "0.14.27"
    esbuild-linux-64 "0.14.27"
    esbuild-linux-arm "0.14.27"
    esbuild-linux-arm64 "0.14.27"
    esbuild-linux-mips64le "0.14.27"
    esbuild-linux-ppc64le "0.14.27"
    esbuild-linux-riscv64 "0.14.27"
    esbuild-linux-s390x "0.14.27"
    esbuild-netbsd-64 "0.14.27"
    esbuild-openbsd-64 "0.14.27"
    esbuild-sunos-64 "0.14.27"
    esbuild-windows-32 "0.14.27"
    esbuild-windows-64 "0.14.27"
    esbuild-windows-arm64 "0.14.27"

leaflet-extra-markers@^1.2.1:
  version "1.2.1"
  resolved "https://registry.yarnpkg.com/leaflet-extra-markers/-/leaflet-extra-markers-1.2.1.tgz#dcea9e0ab3850c4724afa6eda8dda8fa743739fa"
  integrity sha512-k3mGGBJg5wr4LY89MyLHcWCol3yNC9qcK1+5os+HjBk09RlxmqsywNSBwmpP1WKnkKCIgofnOFOhdM5GeK0kHQ==

leaflet@^1.7.1:
  version "1.7.1"
  resolved "https://registry.yarnpkg.com/leaflet/-/leaflet-1.7.1.tgz#10d684916edfe1bf41d688a3b97127c0322a2a19"
  integrity sha512-/xwPEBidtg69Q3HlqPdU3DnrXQOvQU/CCHA1tcDQVzOwm91YMYaILjNp7L4Eaw5Z4sOYdbBz6koWyibppd8Zqw==

material-icons@^1.10.7:
  version "1.10.8"
  resolved "https://registry.yarnpkg.com/material-icons/-/material-icons-1.10.8.tgz#a8dd597498c790ec9551e8cad3e376cb40de72ae"
  integrity sha512-CbtQXCmC9MXIIkz/0CmEfxELosxKxLegrjoa0mxM0zPA+GgAuhnWX6ITo/5oON/JFaCi/bh4MydEUNu0erbaxw==

polyline-encoded@^0.0.9:
  version "0.0.9"
  resolved "https://registry.yarnpkg.com/polyline-encoded/-/polyline-encoded-0.0.9.tgz#bb5212825f3331587b200f0c5368c203eb2f1905"
  integrity sha512-xv6ONShzZdcISK6IT8x3IqsqxPq7HRqcPJ80V4et4hMolIRct5s/5dtUkfO7hGZEeKtWZ1fK7/fKur8gbd4fvg==

sortablejs@^1.14.0:
  version "1.14.0"
  resolved "https://registry.yarnpkg.com/sortablejs/-/sortablejs-1.14.0.tgz#6d2e17ccbdb25f464734df621d4f35d4ab35b3d8"
  integrity sha512-pBXvQCs5/33fdN1/39pPL0NZF20LeRbLQ5jtnheIPN9JQAaufGjKdWduZn4U7wCtVuzKhmRkI0DFYHYRbB2H1w==

spectre.css@^0.5.9:
  version "0.5.9"
  resolved "https://registry.yarnpkg.com/spectre.css/-/spectre.css-0.5.9.tgz#86c732d093036d9fdc0a2ba570f005e4023ae6ca"
  integrity sha512-9jUqwZmCnvflrxFGcK+ize43TvjwDjqMwZPVubEtSIHzvinH0TBUESm1LcOJx3Ur7bdPaeOHQIjOqBl1Y5kLFw==
